
Microsoft Visual Studio Solution File, Format Version 12.00
# Visual Studio Version 17
VisualStudioVersion = 17.6.33815.320
MinimumVisualStudioVersion = 10.0.40219.1
Project("{FAE04EC0-301F-11D3-BF4B-00C04F79EFBC}") = "ArrayList", "ArrayList\ArrayList.csproj", "{DB0F0749-B934-41D9-853E-DCA2AD3F6771}"
EndProject
Global
	GlobalSection(SolutionConfigurationPlatforms) = preSolution
		Debug|Any CPU = Debug|Any CPU
		Release|Any CPU = Release|Any CPU
	EndGlobalSection
	GlobalSection(ProjectConfigurationPlatforms) = postSolution
		{DB0F0749-B934-41D9-853E-DCA2AD3F6771}.Debug|Any CPU.ActiveCfg = Debug|Any CPU
		{DB0F0749-B934-41D9-853E-DCA2AD3F6771}.Debug|Any CPU.Build.0 = Debug|Any CPU
		{DB0F0749-B934-41D9-853E-DCA2AD3F6771}.Release|Any CPU.ActiveCfg = Release|Any CPU
		{DB0F0749-B934-41D9-853E-DCA2AD3F6771}.Release|Any CPU.Build.0 = Release|Any CPU
	EndGlobalSection
	GlobalSection(SolutionProperties) = preSolution
		HideSolutionNode = FALSE
	EndGlobalSection
	GlobalSection(ExtensibilityGlobals) = postSolution
		SolutionGuid = {65DFFEE9-B68C-4288-914A-59D2EFEDA256}
	EndGlobalSection
EndGlobal
